
Microsoft Visual Studio Solution File, Format Version 12.00
# Visual Studio Version 18
VisualStudioVersion = 18.1.11304.174 d18.0
MinimumVisualStudioVersion = 10.0.40219.1
Project("{FAE04EC0-301F-11D3-BF4B-00C04F79EFBC}") = "MerryYellow.CodeAssist.Editor", "MerryYellow.CodeAssist.Editor.csproj", "{9F39C204-F2ED-6C68-4218-D22466D473C0}"
EndProject
Project("{FAE04EC0-301F-11D3-BF4B-00C04F79EFBC}") = "CustomizationSample", "CustomizationSample.csproj", "{8AB5BA9A-8292-9E9B-77F2-3983DD8D922A}"
EndProject
Project("{FAE04EC0-301F-11D3-BF4B-00C04F79EFBC}") = "Assembly-CSharp-Editor", "Assembly-CSharp-Editor.csproj", "{94A8A786-41E1-CF1E-990F-1AD43AAA74AF}"
EndProject
Project("{FAE04EC0-301F-11D3-BF4B-00C04F79EFBC}") = "Assembly-CSharp", "Assembly-CSharp.csproj", "{4F67DE0E-7E3D-A835-3113-E5DF345A3E72}"
EndProject
Global
	GlobalSection(SolutionConfigurationPlatforms) = preSolution
		Debug|Any CPU = Debug|Any CPU
		Release|Any CPU = Release|Any CPU
	EndGlobalSection
	GlobalSection(ProjectConfigurationPlatforms) = postSolution
		{9F39C204-F2ED-6C68-4218-D22466D473C0}.Debug|Any CPU.ActiveCfg = Debug|Any CPU
		{9F39C204-F2ED-6C68-4218-D22466D473C0}.Debug|Any CPU.Build.0 = Debug|Any CPU
		{9F39C204-F2ED-6C68-4218-D22466D473C0}.Release|Any CPU.ActiveCfg = Release|Any CPU
		{9F39C204-F2ED-6C68-4218-D22466D473C0}.Release|Any CPU.Build.0 = Release|Any CPU
		{8AB5BA9A-8292-9E9B-77F2-3983DD8D922A}.Debug|Any CPU.ActiveCfg = Debug|Any CPU
		{8AB5BA9A-8292-9E9B-77F2-3983DD8D922A}.Debug|Any CPU.Build.0 = Debug|Any CPU
		{8AB5BA9A-8292-9E9B-77F2-3983DD8D922A}.Release|Any CPU.ActiveCfg = Release|Any CPU
		{8AB5BA9A-8292-9E9B-77F2-3983DD8D922A}.Release|Any CPU.Build.0 = Release|Any CPU
		{94A8A786-41E1-CF1E-990F-1AD43AAA74AF}.Debug|Any CPU.ActiveCfg = Debug|Any CPU
		{94A8A786-41E1-CF1E-990F-1AD43AAA74AF}.Debug|Any CPU.Build.0 = Debug|Any CPU
		{94A8A786-41E1-CF1E-990F-1AD43AAA74AF}.Release|Any CPU.ActiveCfg = Release|Any CPU
		{94A8A786-41E1-CF1E-990F-1AD43AAA74AF}.Release|Any CPU.Build.0 = Release|Any CPU
		{4F67DE0E-7E3D-A835-3113-E5DF345A3E72}.Debug|Any CPU.ActiveCfg = Debug|Any CPU
		{4F67DE0E-7E3D-A835-3113-E5DF345A3E72}.Debug|Any CPU.Build.0 = Debug|Any CPU
		{4F67DE0E-7E3D-A835-3113-E5DF345A3E72}.Release|Any CPU.ActiveCfg = Release|Any CPU
		{4F67DE0E-7E3D-A835-3113-E5DF345A3E72}.Release|Any CPU.Build.0 = Release|Any CPU
	EndGlobalSection
	GlobalSection(SolutionProperties) = preSolution
		HideSolutionNode = FALSE
	EndGlobalSection
EndGlobal
